
Microsoft Visual Studio Solution File, Format Version 12.00
# Visual Studio Version 17
VisualStudioVersion = 17.7.33808.371
MinimumVisualStudioVersion = 10.0.40219.1
Project("{FAE04EC0-301F-11D3-BF4B-00C04F79EFBC}") = "医院", "医院\医院.csproj", "{842687F9-ECDA-483F-898D-AC2B10CE622D}"
EndProject
Project("{FAE04EC0-301F-11D3-BF4B-00C04F79EFBC}") = "ConsoleApp1", "ConsoleApp1\ConsoleApp1.csproj", "{6415729F-67BA-4E8D-AAF0-62798A48A23E}"
EndProject
Project("{FAE04EC0-301F-11D3-BF4B-00C04F79EFBC}") = "v2ray订阅更新", "v2ray订阅更新\v2ray订阅更新.csproj", "{03095EDD-8B56-4764-9219-9CB8CF047D1A}"
EndProject
Global
	GlobalSection(SolutionConfigurationPlatforms) = preSolution
		Debug|Any CPU = Debug|Any CPU
		Release|Any CPU = Release|Any CPU
	EndGlobalSection
	GlobalSection(ProjectConfigurationPlatforms) = postSolution
		{842687F9-ECDA-483F-898D-AC2B10CE622D}.Debug|Any CPU.ActiveCfg = Debug|Any CPU
		{842687F9-ECDA-483F-898D-AC2B10CE622D}.Debug|Any CPU.Build.0 = Debug|Any CPU
		{842687F9-ECDA-483F-898D-AC2B10CE622D}.Release|Any CPU.ActiveCfg = Release|Any CPU
		{842687F9-ECDA-483F-898D-AC2B10CE622D}.Release|Any CPU.Build.0 = Release|Any CPU
		{6415729F-67BA-4E8D-AAF0-62798A48A23E}.Debug|Any CPU.ActiveCfg = Debug|Any CPU
		{6415729F-67BA-4E8D-AAF0-62798A48A23E}.Debug|Any CPU.Build.0 = Debug|Any CPU
		{6415729F-67BA-4E8D-AAF0-62798A48A23E}.Release|Any CPU.ActiveCfg = Release|Any CPU
		{6415729F-67BA-4E8D-AAF0-62798A48A23E}.Release|Any CPU.Build.0 = Release|Any CPU
		{03095EDD-8B56-4764-9219-9CB8CF047D1A}.Debug|Any CPU.ActiveCfg = Debug|Any CPU
		{03095EDD-8B56-4764-9219-9CB8CF047D1A}.Debug|Any CPU.Build.0 = Debug|Any CPU
		{03095EDD-8B56-4764-9219-9CB8CF047D1A}.Release|Any CPU.ActiveCfg = Release|Any CPU
		{03095EDD-8B56-4764-9219-9CB8CF047D1A}.Release|Any CPU.Build.0 = Release|Any CPU
	EndGlobalSection
	GlobalSection(SolutionProperties) = preSolution
		HideSolutionNode = FALSE
	EndGlobalSection
	GlobalSection(ExtensibilityGlobals) = postSolution
		SolutionGuid = {32ACDB1A-FBEA-4B71-8F89-8F67FE693280}
	EndGlobalSection
EndGlobal
